
Microsoft Visual Studio Solution File, Format Version 12.00
# Visual Studio Version 17
VisualStudioVersion = 17.7.34302.85
MinimumVisualStudioVersion = 10.0.40219.1
Project("{FAE04EC0-301F-11D3-BF4B-00C04F79EFBC}") = "Business", "Business\Business.csproj", "{65BB8EF8-DF6F-4FFD-B498-7BE857575D29}"
EndProject
Project("{FAE04EC0-301F-11D3-BF4B-00C04F79EFBC}") = "Database", "Database\Database.csproj", "{D5003140-C923-4E4B-A2E5-5B1409A5990C}"
EndProject
Project("{FAE04EC0-301F-11D3-BF4B-00C04F79EFBC}") = "RegistosRetro", "RegistosRetro\RegistosRetro.csproj", "{2EDB7E1D-C9AB-4899-9FA7-4896A04F3152}"
EndProject
Global
	GlobalSection(SolutionConfigurationPlatforms) = preSolution
		Debug|Any CPU = Debug|Any CPU
		Release|Any CPU = Release|Any CPU
	EndGlobalSection
	GlobalSection(ProjectConfigurationPlatforms) = postSolution
		{65BB8EF8-DF6F-4FFD-B498-7BE857575D29}.Debug|Any CPU.ActiveCfg = Debug|Any CPU
		{65BB8EF8-DF6F-4FFD-B498-7BE857575D29}.Debug|Any CPU.Build.0 = Debug|Any CPU
		{65BB8EF8-DF6F-4FFD-B498-7BE857575D29}.Release|Any CPU.ActiveCfg = Release|Any CPU
		{65BB8EF8-DF6F-4FFD-B498-7BE857575D29}.Release|Any CPU.Build.0 = Release|Any CPU
		{D5003140-C923-4E4B-A2E5-5B1409A5990C}.Debug|Any CPU.ActiveCfg = Debug|Any CPU
		{D5003140-C923-4E4B-A2E5-5B1409A5990C}.Debug|Any CPU.Build.0 = Debug|Any CPU
		{D5003140-C923-4E4B-A2E5-5B1409A5990C}.Release|Any CPU.ActiveCfg = Release|Any CPU
		{D5003140-C923-4E4B-A2E5-5B1409A5990C}.Release|Any CPU.Build.0 = Release|Any CPU
		{2EDB7E1D-C9AB-4899-9FA7-4896A04F3152}.Debug|Any CPU.ActiveCfg = Debug|Any CPU
		{2EDB7E1D-C9AB-4899-9FA7-4896A04F3152}.Debug|Any CPU.Build.0 = Debug|Any CPU
		{2EDB7E1D-C9AB-4899-9FA7-4896A04F3152}.Release|Any CPU.ActiveCfg = Release|Any CPU
		{2EDB7E1D-C9AB-4899-9FA7-4896A04F3152}.Release|Any CPU.Build.0 = Release|Any CPU
	EndGlobalSection
	GlobalSection(SolutionProperties) = preSolution
		HideSolutionNode = FALSE
	EndGlobalSection
	GlobalSection(ExtensibilityGlobals) = postSolution
		SolutionGuid = {3324E891-EC24-409E-B057-1FC5E9FF81AA}
	EndGlobalSection
EndGlobal
